PODS:
  - Alamofire (3.5.0)
  - Freddy (2.1.0)
  - GoogleMaps/Base (2.0.1)
  - GooglePlaces (2.0.1):
    - GoogleMaps/Base (= 2.0.1)
  - JSQMessagesViewController (7.3.4):
    - JSQSystemSoundPlayer (~> 2.0.1)
  - JSQSystemSoundPlayer (2.0.1)

DEPENDENCIES:
  - Alamofire (= 3.5.0)
  - Freddy (= 2.1.0)
  - GooglePlaces (= 2.0.1)
  - JSQMessagesViewController (= 7.3.4)

SPEC CHECKSUMS:
  Alamofire: b70a7352335f8ea5babd0a923eb7e8eacc67b877
  Freddy: bbdca013977db29638b24baf6572ce94452bec29
  GoogleMaps: f09da64fc987c1aa29394567c3cab5a3df83c402
  GooglePlaces: 72fab1d1651c6df0322f2aad245ffb15b80d3c56
  JSQMessagesViewController: 39fed975e3c9f8eba7292071e29eeb541d105e66
  JSQSystemSoundPlayer: c5850e77a4363ffd374cd851154b9af93264ed8d

PODFILE CHECKSUM: b13f57b29f1050dc1753db299220d40f667c4dbc

COCOAPODS: 1.0.1
