// !$*UTF8*$!
{
	archiveVersion = 1;
	classes = {
	};
	objectVersion = 46;
	objects = {

/* Begin PBXBuildFile section */
		7ADBC9D51DDD591000837023 /* ConversationV1.framework in Frameworks */ = {isa = PBXBuildFile; fileRef = 7ADBC9D11DDD591000837023 /* ConversationV1.framework */; };
		7ADBC9D71DDD591000837023 /* SpeechToTextV1.framework in Frameworks */ = {isa = PBXBuildFile; fileRef = 7ADBC9D31DDD591000837023 /* SpeechToTextV1.framework */; };
		7ADBC9D81DDD591000837023 /* TextToSpeechV1.framework in Frameworks */ = {isa = PBXBuildFile; fileRef = 7ADBC9D41DDD591000837023 /* TextToSpeechV1.framework */; };
		7F4F5BBF1D6E1B4400CF0A13 /* CognitiveConcierge.plist in Resources */ = {isa = PBXBuildFile; fileRef = 7F4F5BBE1D6E1B4400CF0A13 /* CognitiveConcierge.plist */; };
		7F642A7E1D610919007A0F53 /* Conversation.swift in Sources */ = {isa = PBXBuildFile; fileRef = 7F642A7D1D610919007A0F53 /* Conversation.swift */; };
		7F6FAE771D6A75F700BE7829 /* HorizontalOnePartStackView.xib in Resources */ = {isa = PBXBuildFile; fileRef = 7F6FAE761D6A75F700BE7829 /* HorizontalOnePartStackView.xib */; };
		7F6FAE791D6A760A00BE7829 /* HorizontalOnePartStackView.swift in Sources */ = {isa = PBXBuildFile; fileRef = 7F6FAE781D6A760A00BE7829 /* HorizontalOnePartStackView.swift */; };
		7F6FAE9C1D6B5E5800BE7829 /* RecommendedRestaurantDetailView.swift in Sources */ = {isa = PBXBuildFile; fileRef = 7F6FAE9B1D6B5E5800BE7829 /* RecommendedRestaurantDetailView.swift */; };
		7F6FAE9E1D6B5E6800BE7829 /* RecommendedRestaurantDetailView.xib in Resources */ = {isa = PBXBuildFile; fileRef = 7F6FAE9D1D6B5E6800BE7829 /* RecommendedRestaurantDetailView.xib */; };
		7F8F98161D61036F0061E220 /* MessagesViewController.swift in Sources */ = {isa = PBXBuildFile; fileRef = 7F8F98151D61036F0061E220 /* MessagesViewController.swift */; };
		7F9F773E1D649FA600B9114B /* restaurantReviews.json in Resources */ = {isa = PBXBuildFile; fileRef = 7F9F773D1D649FA600B9114B /* restaurantReviews.json */; };
		7F9F77401D64A3A500B9114B /* Restaurant.swift in Sources */ = {isa = PBXBuildFile; fileRef = 7F9F773F1D64A3A500B9114B /* Restaurant.swift */; };
		7F9F77431D64CB5F00B9114B /* reviews.txt in Resources */ = {isa = PBXBuildFile; fileRef = 7F9F77411D64B6AD00B9114B /* reviews.txt */; };
		7F9F77451D64E09500B9114B /* RestaurantViewController.swift in Sources */ = {isa = PBXBuildFile; fileRef = 7F9F77441D64E09500B9114B /* RestaurantViewController.swift */; };
		7F9F774A1D664D2500B9114B /* RecommendedRestaurantTableViewCell.xib in Resources */ = {isa = PBXBuildFile; fileRef = 7F9F77491D664D2500B9114B /* RecommendedRestaurantTableViewCell.xib */; };
		7F9F774C1D664D4B00B9114B /* RecommendedRestaurantTableViewCell.swift in Sources */ = {isa = PBXBuildFile; fileRef = 7F9F774B1D664D4B00B9114B /* RecommendedRestaurantTableViewCell.swift */; };
		7F9F77521D6652F200B9114B /* UIColorExtension.swift in Sources */ = {isa = PBXBuildFile; fileRef = 7F9F77511D6652F200B9114B /* UIColorExtension.swift */; };
		7F9F77561D6655B100B9114B /* UIFontExtension.swift in Sources */ = {isa = PBXBuildFile; fileRef = 7F9F77551D6655B100B9114B /* UIFontExtension.swift */; };
		7FA7F8901D60CEA70039792A /* AppDelegate.swift in Sources */ = {isa = PBXBuildFile; fileRef = 7FA7F88F1D60CEA70039792A /* AppDelegate.swift */; };
		7FA7F8951D60CEA70039792A /* Main.storyboard in Resources */ = {isa = PBXBuildFile; fileRef = 7FA7F8931D60CEA70039792A /* Main.storyboard */; };
		7FA7F8971D60CEA70039792A /* Assets.xcassets in Resources */ = {isa = PBXBuildFile; fileRef = 7FA7F8961D60CEA70039792A /* Assets.xcassets */; };
		7FA7F89A1D60CEA70039792A /* LaunchScreen.storyboard in Resources */ = {isa = PBXBuildFile; fileRef = 7FA7F8981D60CEA70039792A /* LaunchScreen.storyboard */; };
		7FEAA42F1D8356C100E4839C /* WatsonOverlay.swift in Sources */ = {isa = PBXBuildFile; fileRef = 7FEAA42E1D8356C100E4839C /* WatsonOverlay.swift */; };
		7FEAA4311D835AB300E4839C /* WatsonOverlay.xib in Resources */ = {isa = PBXBuildFile; fileRef = 7FEAA4301D835AB300E4839C /* WatsonOverlay.xib */; };
		972AB5611DA5E17900985506 /* BluemixConfiguration.swift in Sources */ = {isa = PBXBuildFile; fileRef = 972AB5601DA5E17900985506 /* BluemixConfiguration.swift */; };
		972AB5631DA5E6F600985506 /* bluemix.plist in Resources */ = {isa = PBXBuildFile; fileRef = 972AB5621DA5E6F600985506 /* bluemix.plist */; };
		978F8BF6201BCD3C00F6F74F /* Pods_CognitiveConcierge.framework in Frameworks */ = {isa = PBXBuildFile; fileRef = 978F8BF7201BCD3C00F6F74F /* Pods_CognitiveConcierge.framework */; };
		978F8BFA201BCE3400F6F74F /* Starscream.framework in Frameworks */ = {isa = PBXBuildFile; fileRef = 978F8BF9201BCE3400F6F74F /* Starscream.framework */; };
		CE1456181DAE8CEB00A7E744 /* DecisionsView.swift in Sources */ = {isa = PBXBuildFile; fileRef = CE1456161DAE8CEB00A7E744 /* DecisionsView.swift */; };
		CE1456191DAE8CEB00A7E744 /* DecisionsView.xib in Resources */ = {isa = PBXBuildFile; fileRef = CE1456171DAE8CEB00A7E744 /* DecisionsView.xib */; };
		CE1C1B621D79C07D00F1C4D2 /* UIViewExtensions.swift in Sources */ = {isa = PBXBuildFile; fileRef = CE1C1B611D79C07D00F1C4D2 /* UIViewExtensions.swift */; };
		CE1C1B6F1D79C5ED00F1C4D2 /* MoreIconBarButtonItem.swift in Sources */ = {isa = PBXBuildFile; fileRef = CE1C1B6E1D79C5ED00F1C4D2 /* MoreIconBarButtonItem.swift */; };
		CE1C1B711D79C6C300F1C4D2 /* ProfileBarButtonItem.swift in Sources */ = {isa = PBXBuildFile; fileRef = CE1C1B701D79C6C300F1C4D2 /* ProfileBarButtonItem.swift */; };
		CE1C1B721D79E40F00F1C4D2 /* SFNSDisplay.ttf in Resources */ = {isa = PBXBuildFile; fileRef = CE1C1B601D79167900F1C4D2 /* SFNSDisplay.ttf */; };
		CE1C1B761D79F48100F1C4D2 /* UILabelExtensions.swift in Sources */ = {isa = PBXBuildFile; fileRef = CE1C1B751D79F48100F1C4D2 /* UILabelExtensions.swift */; };
		CE5818811D6B7703006D3D43 /* RestaurantDetailViewController.swift in Sources */ = {isa = PBXBuildFile; fileRef = CE5818801D6B7703006D3D43 /* RestaurantDetailViewController.swift */; };
		CE5818831D6BA007006D3D43 /* Utils.swift in Sources */ = {isa = PBXBuildFile; fileRef = CE5818821D6BA007006D3D43 /* Utils.swift */; };
		CE58188B1D74828D006D3D43 /* EntertainmentOptionsViewController.swift in Sources */ = {isa = PBXBuildFile; fileRef = CE58188A1D74828D006D3D43 /* EntertainmentOptionsViewController.swift */; };
		CE60F2C81D78AC5000F8DBF1 /* User.swift in Sources */ = {isa = PBXBuildFile; fileRef = CE60F2C71D78AC5000F8DBF1 /* User.swift */; };
		CE60F2CB1D78BEC800F8DBF1 /* EntertainmentCollectionViewCell.swift in Sources */ = {isa = PBXBuildFile; fileRef = CE60F2C91D78BEC800F8DBF1 /* EntertainmentCollectionViewCell.swift */; };
		CE60F2CC1D78BEC800F8DBF1 /* EntertainmentCollectionViewCell.xib in Resources */ = {isa = PBXBuildFile; fileRef = CE60F2CA1D78BEC800F8DBF1 /* EntertainmentCollectionViewCell.xib */; };
		CE68A5BA1D89E57F00CC0E4E /* SFNSDisplay-Bold.ttf in Resources */ = {isa = PBXBuildFile; fileRef = CE68A5B91D89E57F00CC0E4E /* SFNSDisplay-Bold.ttf */; };
		CE72A11E1DA2AF7700D6552E /* LasVegasReviews.json in Resources */ = {isa = PBXBuildFile; fileRef = CE72A11D1DA2AF7700D6552E /* LasVegasReviews.json */; };
		CE72A1201DA30C9200D6552E /* anniversary.json in Resources */ = {isa = PBXBuildFile; fileRef = CE72A11F1DA30C9200D6552E /* anniversary.json */; };
		CE72A1221DA30C9900D6552E /* birthday.json in Resources */ = {isa = PBXBuildFile; fileRef = CE72A1211DA30C9900D6552E /* birthday.json */; };
		CE72A1241DA30C9E00D6552E /* casual.json in Resources */ = {isa = PBXBuildFile; fileRef = CE72A1231DA30C9E00D6552E /* casual.json */; };
		CE79F37D1D81161800550967 /* WhitePathIconBarButtonItem.swift in Sources */ = {isa = PBXBuildFile; fileRef = CE79F37C1D81161800550967 /* WhitePathIconBarButtonItem.swift */; };
		CE79F3831D8304DE00550967 /* Watson-blue.gif in Resources */ = {isa = PBXBuildFile; fileRef = CE79F3821D8304DE00550967 /* Watson-blue.gif */; };
		CEA4552F1D80691800F531C0 /* PathIconBarButtonItem.swift in Sources */ = {isa = PBXBuildFile; fileRef = CEA4552E1D80691800F531C0 /* PathIconBarButtonItem.swift */; };
		CEC1B4C11DABD473004F211A /* MessagesViewModel.swift in Sources */ = {isa = PBXBuildFile; fileRef = CEC1B4C01DABD473004F211A /* MessagesViewModel.swift */; };
		CED9E2A01D74BCF000AADF4D /* EndpointManager.swift in Sources */ = {isa = PBXBuildFile; fileRef = CED9E29F1D74BCF000AADF4D /* EndpointManager.swift */; };
/* End PBXBuildFile section */

/* Begin PBXFileReference section */
		093B8C3845F89B67402347B1 /* Pods-CognitiveConcierge.debug.xcconfig */ = {isa = PBXFileReference; includeInIndex = 1; lastKnownFileType = text.xcconfig; name = "Pods-CognitiveConcierge.debug.xcconfig"; path = "Pods/Target Support Files/Pods-CognitiveConcierge/Pods-CognitiveConcierge.debug.xcconfig"; sourceTree = "<group>"; };
		7ADBC9D11DDD591000837023 /* ConversationV1.framework */ = {isa = PBXFileReference; lastKnownFileType = wrapper.framework; name = ConversationV1.framework; path = Carthage/Build/iOS/ConversationV1.framework; sourceTree = "<group>"; };
		7ADBC9D31DDD591000837023 /* SpeechToTextV1.framework */ = {isa = PBXFileReference; lastKnownFileType = wrapper.framework; name = SpeechToTextV1.framework; path = Carthage/Build/iOS/SpeechToTextV1.framework; sourceTree = "<group>"; };
		7ADBC9D41DDD591000837023 /* TextToSpeechV1.framework */ = {isa = PBXFileReference; lastKnownFileType = wrapper.framework; name = TextToSpeechV1.framework; path = Carthage/Build/iOS/TextToSpeechV1.framework; sourceTree = "<group>"; };
		7F4F5BBE1D6E1B4400CF0A13 /* CognitiveConcierge.plist */ = {isa = PBXFileReference; fileEncoding = 4; lastKnownFileType = text.plist.xml; path = CognitiveConcierge.plist; sourceTree = "<group>"; };
		7F642A7D1D610919007A0F53 /* Conversation.swift */ = {isa = PBXFileReference; fileEncoding = 4; lastKnownFileType = sourcecode.swift; path = Conversation.swift; sourceTree = "<group>"; };
		7F6FAE761D6A75F700BE7829 /* HorizontalOnePartStackView.xib */ = {isa = PBXFileReference; fileEncoding = 4; lastKnownFileType = file.xib; path = HorizontalOnePartStackView.xib; sourceTree = "<group>"; };
		7F6FAE781D6A760A00BE7829 /* HorizontalOnePartStackView.swift */ = {isa = PBXFileReference; fileEncoding = 4; lastKnownFileType = sourcecode.swift; path = HorizontalOnePartStackView.swift; sourceTree = "<group>"; };
		7F6FAE9B1D6B5E5800BE7829 /* RecommendedRestaurantDetailView.swift */ = {isa = PBXFileReference; fileEncoding = 4; lastKnownFileType = sourcecode.swift; path = RecommendedRestaurantDetailView.swift; sourceTree = "<group>"; };
		7F6FAE9D1D6B5E6800BE7829 /* RecommendedRestaurantDetailView.xib */ = {isa = PBXFileReference; fileEncoding = 4; lastKnownFileType = file.xib; path = RecommendedRestaurantDetailView.xib; sourceTree = "<group>"; };
		7F8F98151D61036F0061E220 /* MessagesViewController.swift */ = {isa = PBXFileReference; fileEncoding = 4; lastKnownFileType = sourcecode.swift; path = MessagesViewController.swift; sourceTree = "<group>"; };
		7F9F773D1D649FA600B9114B /* restaurantReviews.json */ = {isa = PBXFileReference; fileEncoding = 4; lastKnownFileType = text.json; path = restaurantReviews.json; sourceTree = "<group>"; };
		7F9F773F1D64A3A500B9114B /* Restaurant.swift */ = {isa = PBXFileReference; fileEncoding = 4; lastKnownFileType = sourcecode.swift; path = Restaurant.swift; sourceTree = "<group>"; };
		7F9F77411D64B6AD00B9114B /* reviews.txt */ = {isa = PBXFileReference; fileEncoding = 4; lastKnownFileType = text; path = reviews.txt; sourceTree = "<group>"; };
		7F9F77441D64E09500B9114B /* RestaurantViewController.swift */ = {isa = PBXFileReference; fileEncoding = 4; lastKnownFileType = sourcecode.swift; path = RestaurantViewController.swift; sourceTree = "<group>"; };
		7F9F77491D664D2500B9114B /* RecommendedRestaurantTableViewCell.xib */ = {isa = PBXFileReference; fileEncoding = 4; lastKnownFileType = file.xib; path = RecommendedRestaurantTableViewCell.xib; sourceTree = "<group>"; };
		7F9F774B1D664D4B00B9114B /* RecommendedRestaurantTableViewCell.swift */ = {isa = PBXFileReference; fileEncoding = 4; lastKnownFileType = sourcecode.swift; path = RecommendedRestaurantTableViewCell.swift; sourceTree = "<group>"; };
		7F9F77511D6652F200B9114B /* UIColorExtension.swift */ = {isa = PBXFileReference; fileEncoding = 4; lastKnownFileType = sourcecode.swift; path = UIColorExtension.swift; sourceTree = "<group>"; };
		7F9F77551D6655B100B9114B /* UIFontExtension.swift */ = {isa = PBXFileReference; fileEncoding = 4; lastKnownFileType = sourcecode.swift; path = UIFontExtension.swift; sourceTree = "<group>"; };
		7FA7F88C1D60CEA70039792A /* CognitiveConcierge.app */ = {isa = PBXFileReference; explicitFileType = wrapper.application; includeInIndex = 0; path = CognitiveConcierge.app; sourceTree = BUILT_PRODUCTS_DIR; };
		7FA7F88F1D60CEA70039792A /* AppDelegate.swift */ = {isa = PBXFileReference; lastKnownFileType = sourcecode.swift; path = AppDelegate.swift; sourceTree = "<group>"; };
		7FA7F8941D60CEA70039792A /* Base */ = {isa = PBXFileReference; lastKnownFileType = file.storyboard; name = Base; path = Base.lproj/Main.storyboard; sourceTree = "<group>"; };
		7FA7F8961D60CEA70039792A /* Assets.xcassets */ = {isa = PBXFileReference; lastKnownFileType = folder.assetcatalog; path = Assets.xcassets; sourceTree = "<group>"; };
		7FA7F8991D60CEA70039792A /* Base */ = {isa = PBXFileReference; lastKnownFileType = file.storyboard; name = Base; path = Base.lproj/LaunchScreen.storyboard; sourceTree = "<group>"; };
		7FA7F89B1D60CEA70039792A /* Info.plist */ = {isa = PBXFileReference; lastKnownFileType = text.plist.xml; path = Info.plist; sourceTree = "<group>"; };
		7FEAA42E1D8356C100E4839C /* WatsonOverlay.swift */ = {isa = PBXFileReference; fileEncoding = 4; lastKnownFileType = sourcecode.swift; path = WatsonOverlay.swift; sourceTree = "<group>"; };
		7FEAA4301D835AB300E4839C /* WatsonOverlay.xib */ = {isa = PBXFileReference; fileEncoding = 4; lastKnownFileType = file.xib; path = WatsonOverlay.xib; sourceTree = "<group>"; };
		87BB7C94DAD466B58261E3B8 /* Pods_CognitiveConcierge.framework */ = {isa = PBXFileReference; explicitFileType = wrapper.framework; includeInIndex = 0; path = Pods_CognitiveConcierge.framework; sourceTree = BUILT_PRODUCTS_DIR; };
		972AB5601DA5E17900985506 /* BluemixConfiguration.swift */ = {isa = PBXFileReference; fileEncoding = 4; lastKnownFileType = sourcecode.swift; path = BluemixConfiguration.swift; sourceTree = "<group>"; };
		972AB5621DA5E6F600985506 /* bluemix.plist */ = {isa = PBXFileReference; fileEncoding = 4; lastKnownFileType = text.plist.xml; name = bluemix.plist; path = Configuration/bluemix.plist; sourceTree = "<group>"; };
		978F8BF7201BCD3C00F6F74F /* Pods_CognitiveConcierge.framework */ = {isa = PBXFileReference; explicitFileType = wrapper.framework; path = Pods_CognitiveConcierge.framework; sourceTree = BUILT_PRODUCTS_DIR; };
		978F8BF9201BCE3400F6F74F /* Starscream.framework */ = {isa = PBXFileReference; lastKnownFileType = wrapper.framework; name = Starscream.framework; path = Carthage/Build/iOS/Starscream.framework; sourceTree = "<group>"; };
		CE1456161DAE8CEB00A7E744 /* DecisionsView.swift */ = {isa = PBXFileReference; fileEncoding = 4; lastKnownFileType = sourcecode.swift; path = DecisionsView.swift; sourceTree = "<group>"; };
		CE1456171DAE8CEB00A7E744 /* DecisionsView.xib */ = {isa = PBXFileReference; fileEncoding = 4; lastKnownFileType = file.xib; path = DecisionsView.xib; sourceTree = "<group>"; };
		CE1C1B601D79167900F1C4D2 /* SFNSDisplay.ttf */ = {isa = PBXFileReference; lastKnownFileType = file; path = SFNSDisplay.ttf; sourceTree = "<group>"; };
		CE1C1B611D79C07D00F1C4D2 /* UIViewExtensions.swift */ = {isa = PBXFileReference; fileEncoding = 4; lastKnownFileType = sourcecode.swift; path = UIViewExtensions.swift; sourceTree = "<group>"; };
		CE1C1B6E1D79C5ED00F1C4D2 /* MoreIconBarButtonItem.swift */ = {isa = PBXFileReference; fileEncoding = 4; lastKnownFileType = sourcecode.swift; path = MoreIconBarButtonItem.swift; sourceTree = "<group>"; };
		CE1C1B701D79C6C300F1C4D2 /* ProfileBarButtonItem.swift */ = {isa = PBXFileReference; fileEncoding = 4; lastKnownFileType = sourcecode.swift; path = ProfileBarButtonItem.swift; sourceTree = "<group>"; };
		CE1C1B751D79F48100F1C4D2 /* UILabelExtensions.swift */ = {isa = PBXFileReference; fileEncoding = 4; lastKnownFileType = sourcecode.swift; path = UILabelExtensions.swift; sourceTree = "<group>"; };
		CE5818801D6B7703006D3D43 /* RestaurantDetailViewController.swift */ = {isa = PBXFileReference; fileEncoding = 4; lastKnownFileType = sourcecode.swift; path = RestaurantDetailViewController.swift; sourceTree = "<group>"; };
		CE5818821D6BA007006D3D43 /* Utils.swift */ = {isa = PBXFileReference; fileEncoding = 4; lastKnownFileType = sourcecode.swift; path = Utils.swift; sourceTree = "<group>"; };
		CE58188A1D74828D006D3D43 /* EntertainmentOptionsViewController.swift */ = {isa = PBXFileReference; fileEncoding = 4; lastKnownFileType = sourcecode.swift; path = EntertainmentOptionsViewController.swift; sourceTree = "<group>"; };
		CE60F2C71D78AC5000F8DBF1 /* User.swift */ = {isa = PBXFileReference; fileEncoding = 4; lastKnownFileType = sourcecode.swift; path = User.swift; sourceTree = "<group>"; };
		CE60F2C91D78BEC800F8DBF1 /* EntertainmentCollectionViewCell.swift */ = {isa = PBXFileReference; fileEncoding = 4; lastKnownFileType = sourcecode.swift; path = EntertainmentCollectionViewCell.swift; sourceTree = "<group>"; };
		CE60F2CA1D78BEC800F8DBF1 /* EntertainmentCollectionViewCell.xib */ = {isa = PBXFileReference; fileEncoding = 4; lastKnownFileType = file.xib; path = EntertainmentCollectionViewCell.xib; sourceTree = "<group>"; };
		CE68A5B91D89E57F00CC0E4E /* SFNSDisplay-Bold.ttf */ = {isa = PBXFileReference; lastKnownFileType = file; path = "SFNSDisplay-Bold.ttf"; sourceTree = "<group>"; };
		CE72A11D1DA2AF7700D6552E /* LasVegasReviews.json */ = {isa = PBXFileReference; fileEncoding = 4; lastKnownFileType = text.json; path = LasVegasReviews.json; sourceTree = "<group>"; };
		CE72A11F1DA30C9200D6552E /* anniversary.json */ = {isa = PBXFileReference; fileEncoding = 4; lastKnownFileType = text.json; path = anniversary.json; sourceTree = "<group>"; };
		CE72A1211DA30C9900D6552E /* birthday.json */ = {isa = PBXFileReference; fileEncoding = 4; lastKnownFileType = text.json; path = birthday.json; sourceTree = "<group>"; };
		CE72A1231DA30C9E00D6552E /* casual.json */ = {isa = PBXFileReference; fileEncoding = 4; lastKnownFileType = text.json; path = casual.json; sourceTree = "<group>"; };
		CE79F37C1D81161800550967 /* WhitePathIconBarButtonItem.swift */ = {isa = PBXFileReference; fileEncoding = 4; lastKnownFileType = sourcecode.swift; path = WhitePathIconBarButtonItem.swift; sourceTree = "<group>"; };
		CE79F3821D8304DE00550967 /* Watson-blue.gif */ = {isa = PBXFileReference; lastKnownFileType = image.gif; name = "Watson-blue.gif"; path = "../Watson-blue.gif"; sourceTree = "<group>"; };
		CE79F3841D830E0E00550967 /* WatsonOverlay.swift */ = {isa = PBXFileReference; fileEncoding = 4; lastKnownFileType = sourcecode.swift; path = WatsonOverlay.swift; sourceTree = "<group>"; };
		CEA4552E1D80691800F531C0 /* PathIconBarButtonItem.swift */ = {isa = PBXFileReference; fileEncoding = 4; lastKnownFileType = sourcecode.swift; path = PathIconBarButtonItem.swift; sourceTree = "<group>"; };
		CEC1B4C01DABD473004F211A /* MessagesViewModel.swift */ = {isa = PBXFileReference; fileEncoding = 4; lastKnownFileType = sourcecode.swift; path = MessagesViewModel.swift; sourceTree = "<group>"; };
		CED9E29F1D74BCF000AADF4D /* EndpointManager.swift */ = {isa = PBXFileReference; fileEncoding = 4; lastKnownFileType = sourcecode.swift; path = EndpointManager.swift; sourceTree = "<group>"; };
		D208A19ADBFAA42F104EF383 /* Pods-CognitiveConcierge.release.xcconfig */ = {isa = PBXFileReference; includeInIndex = 1; lastKnownFileType = text.xcconfig; name = "Pods-CognitiveConcierge.release.xcconfig"; path = "Pods/Target Support Files/Pods-CognitiveConcierge/Pods-CognitiveConcierge.release.xcconfig"; sourceTree = "<group>"; };
/* End PBXFileReference section */

/* Begin PBXFrameworksBuildPhase section */
		7FA7F8891D60CEA70039792A /* Frameworks */ = {
			isa = PBXFrameworksBuildPhase;
			buildActionMask = 2147483647;
			files = (
				978F8BFA201BCE3400F6F74F /* Starscream.framework in Frameworks */,
				7ADBC9D51DDD591000837023 /* ConversationV1.framework in Frameworks */,
				7ADBC9D71DDD591000837023 /* SpeechToTextV1.framework in Frameworks */,
				7ADBC9D81DDD591000837023 /* TextToSpeechV1.framework in Frameworks */,
				978F8BF6201BCD3C00F6F74F /* Pods_CognitiveConcierge.framework in Frameworks */,
			);
			runOnlyForDeploymentPostprocessing = 0;
		};
/* End PBXFrameworksBuildPhase section */

/* Begin PBXGroup section */
		49A1A28CFD61AC8AEF74DEE3 /* Pods */ = {
			isa = PBXGroup;
			children = (
				093B8C3845F89B67402347B1 /* Pods-CognitiveConcierge.debug.xcconfig */,
				D208A19ADBFAA42F104EF383 /* Pods-CognitiveConcierge.release.xcconfig */,
			);
			name = Pods;
			sourceTree = "<group>";
		};
		7F6FAE7A1D6B4A0A00BE7829 /* Resources */ = {
			isa = PBXGroup;
			children = (
				CE79F3821D8304DE00550967 /* Watson-blue.gif */,
				7F6FAE7B1D6B4A1E00BE7829 /* Fonts */,
			);
			name = Resources;
			sourceTree = "<group>";
		};
		7F6FAE7B1D6B4A1E00BE7829 /* Fonts */ = {
			isa = PBXGroup;
			children = (
				7F6FAE7C1D6B4A2400BE7829 /* OpenSans */,
			);
			name = Fonts;
			sourceTree = "<group>";
		};
		7F6FAE7C1D6B4A2400BE7829 /* OpenSans */ = {
			isa = PBXGroup;
			children = (
				CE68A5B91D89E57F00CC0E4E /* SFNSDisplay-Bold.ttf */,
				CE1C1B601D79167900F1C4D2 /* SFNSDisplay.ttf */,
			);
			name = OpenSans;
			sourceTree = "<group>";
		};
		7F9F773B1D6381EE00B9114B /* Models */ = {
			isa = PBXGroup;
			children = (
				7F642A7D1D610919007A0F53 /* Conversation.swift */,
				7F9F773F1D64A3A500B9114B /* Restaurant.swift */,
				7F9F77411D64B6AD00B9114B /* reviews.txt */,
				CE60F2C71D78AC5000F8DBF1 /* User.swift */,
				CE79F3841D830E0E00550967 /* WatsonOverlay.swift */,
			);
			name = Models;
			sourceTree = "<group>";
		};
		7F9F773C1D6381F900B9114B /* Controllers */ = {
			isa = PBXGroup;
			children = (
				CED91C401DAEB06A0026A4D7 /* MessagesViewController */,
				7FA7F88F1D60CEA70039792A /* AppDelegate.swift */,
				CE58188A1D74828D006D3D43 /* EntertainmentOptionsViewController.swift */,
				7F9F77441D64E09500B9114B /* RestaurantViewController.swift */,
				CE68A5B71D89E39E00CC0E4E /* RestaurantDetailViewController */,
			);
			name = Controllers;
			sourceTree = "<group>";
		};
		7F9F77481D664C8900B9114B /* Views */ = {
			isa = PBXGroup;
			children = (
				7F6FAE781D6A760A00BE7829 /* HorizontalOnePartStackView.swift */,
				7F6FAE761D6A75F700BE7829 /* HorizontalOnePartStackView.xib */,
				7F9F774B1D664D4B00B9114B /* RecommendedRestaurantTableViewCell.swift */,
				7F9F77491D664D2500B9114B /* RecommendedRestaurantTableViewCell.xib */,
				7FA7F8931D60CEA70039792A /* Main.storyboard */,
				7FEAA4301D835AB300E4839C /* WatsonOverlay.xib */,
				7FEAA42E1D8356C100E4839C /* WatsonOverlay.swift */,
				CE60F2C91D78BEC800F8DBF1 /* EntertainmentCollectionViewCell.swift */,
				CE60F2CA1D78BEC800F8DBF1 /* EntertainmentCollectionViewCell.xib */,
			);
			name = Views;
			sourceTree = "<group>";
		};
		7F9F77501D6652D600B9114B /* Extensions */ = {
			isa = PBXGroup;
			children = (
				CE1C1B611D79C07D00F1C4D2 /* UIViewExtensions.swift */,
				7F9F77511D6652F200B9114B /* UIColorExtension.swift */,
				7F9F77551D6655B100B9114B /* UIFontExtension.swift */,
				CE1C1B751D79F48100F1C4D2 /* UILabelExtensions.swift */,
			);
			name = Extensions;
			sourceTree = "<group>";
		};
		7FA7F8831D60CEA70039792A = {
			isa = PBXGroup;
			children = (
				7FA7F88E1D60CEA70039792A /* CognitiveConcierge */,
				7FA7F88D1D60CEA70039792A /* Products */,
				49A1A28CFD61AC8AEF74DEE3 /* Pods */,
				D58AA635FF82F295E566095A /* Frameworks */,
			);
			sourceTree = "<group>";
		};
		7FA7F88D1D60CEA70039792A /* Products */ = {
			isa = PBXGroup;
			children = (
				7FA7F88C1D60CEA70039792A /* CognitiveConcierge.app */,
			);
			name = Products;
			sourceTree = "<group>";
		};
		7FA7F88E1D60CEA70039792A /* CognitiveConcierge */ = {
			isa = PBXGroup;
			children = (
				CE1C1B671D79C45A00F1C4D2 /* Navigation */,
				CE1C1B661D79C30700F1C4D2 /* Utils */,
				CED9E29C1D749C5C00AADF4D /* DataManagers */,
				7F9F773C1D6381F900B9114B /* Controllers */,
				CE72A1251DA30CF100D6552E /* Mock Data */,
				7F9F773B1D6381EE00B9114B /* Models */,
				7F9F77481D664C8900B9114B /* Views */,
				7F9F77501D6652D600B9114B /* Extensions */,
				7F6FAE7A1D6B4A0A00BE7829 /* Resources */,
				7FA7F8961D60CEA70039792A /* Assets.xcassets */,
				7FA7F8981D60CEA70039792A /* LaunchScreen.storyboard */,
				7FA7F89B1D60CEA70039792A /* Info.plist */,
				972AB5621DA5E6F600985506 /* bluemix.plist */,
				7F4F5BBE1D6E1B4400CF0A13 /* CognitiveConcierge.plist */,
			);
			path = CognitiveConcierge;
			sourceTree = "<group>";
		};
		CE1C1B661D79C30700F1C4D2 /* Utils */ = {
			isa = PBXGroup;
			children = (
				CE5818821D6BA007006D3D43 /* Utils.swift */,
			);
			name = Utils;
			sourceTree = "<group>";
		};
		CE1C1B671D79C45A00F1C4D2 /* Navigation */ = {
			isa = PBXGroup;
			children = (
				CE1C1B6E1D79C5ED00F1C4D2 /* MoreIconBarButtonItem.swift */,
				CEA4552E1D80691800F531C0 /* PathIconBarButtonItem.swift */,
				CE79F37C1D81161800550967 /* WhitePathIconBarButtonItem.swift */,
				CE1C1B701D79C6C300F1C4D2 /* ProfileBarButtonItem.swift */,
			);
			name = Navigation;
			sourceTree = "<group>";
		};
		CE68A5B71D89E39E00CC0E4E /* RestaurantDetailViewController */ = {
			isa = PBXGroup;
			children = (
				CE68A5B81D89E3AA00CC0E4E /* Subviews */,
				CE5818801D6B7703006D3D43 /* RestaurantDetailViewController.swift */,
			);
			name = RestaurantDetailViewController;
			sourceTree = "<group>";
		};
		CE68A5B81D89E3AA00CC0E4E /* Subviews */ = {
			isa = PBXGroup;
			children = (
				7F6FAE9D1D6B5E6800BE7829 /* RecommendedRestaurantDetailView.xib */,
				7F6FAE9B1D6B5E5800BE7829 /* RecommendedRestaurantDetailView.swift */,
			);
			name = Subviews;
			sourceTree = "<group>";
		};
		CE72A1251DA30CF100D6552E /* Mock Data */ = {
			isa = PBXGroup;
			children = (
				CE72A11F1DA30C9200D6552E /* anniversary.json */,
				CE72A1211DA30C9900D6552E /* birthday.json */,
				CE72A1231DA30C9E00D6552E /* casual.json */,
				CE72A11D1DA2AF7700D6552E /* LasVegasReviews.json */,
				7F9F773D1D649FA600B9114B /* restaurantReviews.json */,
			);
			name = "Mock Data";
			sourceTree = "<group>";
		};
		CED91C401DAEB06A0026A4D7 /* MessagesViewController */ = {
			isa = PBXGroup;
			children = (
				CED91C411DAEB0950026A4D7 /* Subviews */,
				CEC1B4C01DABD473004F211A /* MessagesViewModel.swift */,
				7F8F98151D61036F0061E220 /* MessagesViewController.swift */,
			);
			name = MessagesViewController;
			sourceTree = "<group>";
		};
		CED91C411DAEB0950026A4D7 /* Subviews */ = {
			isa = PBXGroup;
			children = (
				CE1456171DAE8CEB00A7E744 /* DecisionsView.xib */,
				CE1456161DAE8CEB00A7E744 /* DecisionsView.swift */,
			);
			name = Subviews;
			sourceTree = "<group>";
		};
		CED9E29C1D749C5C00AADF4D /* DataManagers */ = {
			isa = PBXGroup;
			children = (
				CED9E29F1D74BCF000AADF4D /* EndpointManager.swift */,
				972AB5601DA5E17900985506 /* BluemixConfiguration.swift */,
			);
			name = DataManagers;
			sourceTree = "<group>";
		};
		D58AA635FF82F295E566095A /* Frameworks */ = {
			isa = PBXGroup;
			children = (
				978F8BF9201BCE3400F6F74F /* Starscream.framework */,
				978F8BF7201BCD3C00F6F74F /* Pods_CognitiveConcierge.framework */,
				7ADBC9D11DDD591000837023 /* ConversationV1.framework */,
				7ADBC9D31DDD591000837023 /* SpeechToTextV1.framework */,
				7ADBC9D41DDD591000837023 /* TextToSpeechV1.framework */,
				87BB7C94DAD466B58261E3B8 /* Pods_CognitiveConcierge.framework */,
			);
			name = Frameworks;
			sourceTree = "<group>";
		};
/* End PBXGroup section */

/* Begin PBXNativeTarget section */
		7FA7F88B1D60CEA70039792A /* CognitiveConcierge */ = {
			isa = PBXNativeTarget;
			buildConfigurationList = 7FA7F89E1D60CEA70039792A /* Build configuration list for PBXNativeTarget "CognitiveConcierge" */;
			buildPhases = (
				DCF64E1E0842AB98FA211060 /* [CP] Check Pods Manifest.lock */,
				7FA7F8881D60CEA70039792A /* Sources */,
				7FA7F8891D60CEA70039792A /* Frameworks */,
				7FA7F88A1D60CEA70039792A /* Resources */,
				AC602C9C2CC8488428B28876 /* [CP] Embed Pods Frameworks */,
				AC03295D12905A521ECC3F5F /* [CP] Copy Pods Resources */,
				7ADBC9D91DDD591700837023 /* ShellScript */,
			);
			buildRules = (
			);
			dependencies = (
			);
			name = CognitiveConcierge;
			productName = WatsonRecommendations;
			productReference = 7FA7F88C1D60CEA70039792A /* CognitiveConcierge.app */;
			productType = "com.apple.product-type.application";
		};
/* End PBXNativeTarget section */

/* Begin PBXProject section */
		7FA7F8841D60CEA70039792A /* Project object */ = {
			isa = PBXProject;
			attributes = {
				LastSwiftUpdateCheck = 0730;
				LastUpgradeCheck = 0920;
				ORGANIZATIONNAME = IBM;
				TargetAttributes = {
					7FA7F88B1D60CEA70039792A = {
						CreatedOnToolsVersion = 7.3.1;
						DevelopmentTeam = 8T393AQ955;
						LastSwiftMigration = 0920;
					};
				};
			};
			buildConfigurationList = 7FA7F8871D60CEA70039792A /* Build configuration list for PBXProject "CognitiveConcierge" */;
			compatibilityVersion = "Xcode 3.2";
			developmentRegion = English;
			hasScannedForEncodings = 0;
			knownRegions = (
				en,
				Base,
			);
			mainGroup = 7FA7F8831D60CEA70039792A;
			productRefGroup = 7FA7F88D1D60CEA70039792A /* Products */;
			projectDirPath = "";
			projectRoot = "";
			targets = (
				7FA7F88B1D60CEA70039792A /* CognitiveConcierge */,
			);
		};
/* End PBXProject section */

/* Begin PBXResourcesBuildPhase section */
		7FA7F88A1D60CEA70039792A /* Resources */ = {
			isa = PBXResourcesBuildPhase;
			buildActionMask = 2147483647;
			files = (
				CE68A5BA1D89E57F00CC0E4E /* SFNSDisplay-Bold.ttf in Resources */,
				CE72A1221DA30C9900D6552E /* birthday.json in Resources */,
				CE79F3831D8304DE00550967 /* Watson-blue.gif in Resources */,
				972AB5631DA5E6F600985506 /* bluemix.plist in Resources */,
				7F9F77431D64CB5F00B9114B /* reviews.txt in Resources */,
				CE1C1B721D79E40F00F1C4D2 /* SFNSDisplay.ttf in Resources */,
				7F9F773E1D649FA600B9114B /* restaurantReviews.json in Resources */,
				7F6FAE9E1D6B5E6800BE7829 /* RecommendedRestaurantDetailView.xib in Resources */,
				7FA7F89A1D60CEA70039792A /* LaunchScreen.storyboard in Resources */,
				7FA7F8971D60CEA70039792A /* Assets.xcassets in Resources */,
				7FEAA4311D835AB300E4839C /* WatsonOverlay.xib in Resources */,
				7F9F774A1D664D2500B9114B /* RecommendedRestaurantTableViewCell.xib in Resources */,
				CE72A1241DA30C9E00D6552E /* casual.json in Resources */,
				CE72A11E1DA2AF7700D6552E /* LasVegasReviews.json in Resources */,
				CE72A1201DA30C9200D6552E /* anniversary.json in Resources */,
				7FA7F8951D60CEA70039792A /* Main.storyboard in Resources */,
				CE1456191DAE8CEB00A7E744 /* DecisionsView.xib in Resources */,
				7F4F5BBF1D6E1B4400CF0A13 /* CognitiveConcierge.plist in Resources */,
				7F6FAE771D6A75F700BE7829 /* HorizontalOnePartStackView.xib in Resources */,
				CE60F2CC1D78BEC800F8DBF1 /* EntertainmentCollectionViewCell.xib in Resources */,
			);
			runOnlyForDeploymentPostprocessing = 0;
		};
/* End PBXResourcesBuildPhase section */

/* Begin PBXShellScriptBuildPhase section */
		7ADBC9D91DDD591700837023 /* ShellScript */ = {
			isa = PBXShellScriptBuildPhase;
			buildActionMask = 2147483647;
			files = (
			);
			inputPaths = (
				"$(SRCROOT)/Carthage/Build/iOS/TextToSpeechV1.framework",
				"$(SRCROOT)/Carthage/Build/iOS/ConversationV1.framework",
				"$(SRCROOT)/Carthage/Build/iOS/SpeechToTextV1.framework",
				"$(SRCROOT)/Carthage/Build/iOS/Starscream.framework",
			);
			outputPaths = (
			);
			runOnlyForDeploymentPostprocessing = 0;
			shellPath = /bin/sh;
			shellScript = "/usr/local/bin/carthage copy-frameworks";
		};
		AC03295D12905A521ECC3F5F /* [CP] Copy Pods Resources */ = {
			isa = PBXShellScriptBuildPhase;
			buildActionMask = 2147483647;
			files = (
			);
			inputPaths = (
				"${SRCROOT}/Pods/Target Support Files/Pods-CognitiveConcierge/Pods-CognitiveConcierge-resources.sh",
				"${PODS_ROOT}/GooglePlaces/Frameworks/GooglePlaces.framework/Versions/A/Resources/GooglePlaces.bundle",
			);
			name = "[CP] Copy Pods Resources";
			outputPaths = (
				"${TARGET_BUILD_DIR}/${UNLOCALIZED_RESOURCES_FOLDER_PATH}/GooglePlaces.bundle",
			);
			runOnlyForDeploymentPostprocessing = 0;
			shellPath = /bin/sh;
			shellScript = "\"${SRCROOT}/Pods/Target Support Files/Pods-CognitiveConcierge/Pods-CognitiveConcierge-resources.sh\"\n";
			showEnvVarsInLog = 0;
		};
		AC602C9C2CC8488428B28876 /* [CP] Embed Pods Frameworks */ = {
			isa = PBXShellScriptBuildPhase;
			buildActionMask = 2147483647;
			files = (
			);
			inputPaths = (
				"${SRCROOT}/Pods/Target Support Files/Pods-CognitiveConcierge/Pods-CognitiveConcierge-frameworks.sh",
				"${BUILT_PRODUCTS_DIR}/Alamofire/Alamofire.framework",
				"${BUILT_PRODUCTS_DIR}/JSQMessagesViewController/JSQMessagesViewController.framework",
				"${BUILT_PRODUCTS_DIR}/JSQSystemSoundPlayer/JSQSystemSoundPlayer.framework",
			);
			name = "[CP] Embed Pods Frameworks";
			outputPaths = (
				"${TARGET_BUILD_DIR}/${FRAMEWORKS_FOLDER_PATH}/Alamofire.framework",
				"${TARGET_BUILD_DIR}/${FRAMEWORKS_FOLDER_PATH}/JSQMessagesViewController.framework",
				"${TARGET_BUILD_DIR}/${FRAMEWORKS_FOLDER_PATH}/JSQSystemSoundPlayer.framework",
			);
			runOnlyForDeploymentPostprocessing = 0;
			shellPath = /bin/sh;
			shellScript = "\"${SRCROOT}/Pods/Target Support Files/Pods-CognitiveConcierge/Pods-CognitiveConcierge-frameworks.sh\"\n";
			showEnvVarsInLog = 0;
		};
		DCF64E1E0842AB98FA211060 /* [CP] Check Pods Manifest.lock */ = {
			isa = PBXShellScriptBuildPhase;
			buildActionMask = 2147483647;
			files = (
			);
			inputPaths = (
				"${PODS_PODFILE_DIR_PATH}/Podfile.lock",
				"${PODS_ROOT}/Manifest.lock",
			);
			name = "[CP] Check Pods Manifest.lock";
			outputPaths = (
				"$(DERIVED_FILE_DIR)/Pods-CognitiveConcierge-checkManifestLockResult.txt",
			);
			runOnlyForDeploymentPostprocessing = 0;
			shellPath = /bin/sh;
			shellScript = "diff \"${PODS_PODFILE_DIR_PATH}/Podfile.lock\" \"${PODS_ROOT}/Manifest.lock\" > /dev/null\nif [ $? != 0 ] ; then\n    # print error to STDERR\n    echo \"error: The sandbox is not in sync with the Podfile.lock. Run 'pod install' or update your CocoaPods installation.\" >&2\n    exit 1\nfi\n# This output is used by Xcode 'outputs' to avoid re-running this script phase.\necho \"SUCCESS\" > \"${SCRIPT_OUTPUT_FILE_0}\"\n";
			showEnvVarsInLog = 0;
		};
/* End PBXShellScriptBuildPhase section */

/* Begin PBXSourcesBuildPhase section */
		7FA7F8881D60CEA70039792A /* Sources */ = {
			isa = PBXSourcesBuildPhase;
			buildActionMask = 2147483647;
			files = (
				CE1C1B6F1D79C5ED00F1C4D2 /* MoreIconBarButtonItem.swift in Sources */,
				972AB5611DA5E17900985506 /* BluemixConfiguration.swift in Sources */,
				CE79F37D1D81161800550967 /* WhitePathIconBarButtonItem.swift in Sources */,
				CE1C1B621D79C07D00F1C4D2 /* UIViewExtensions.swift in Sources */,
				7F9F77401D64A3A500B9114B /* Restaurant.swift in Sources */,
				7F9F77451D64E09500B9114B /* RestaurantViewController.swift in Sources */,
				7F642A7E1D610919007A0F53 /* Conversation.swift in Sources */,
				CE5818831D6BA007006D3D43 /* Utils.swift in Sources */,
				CE1C1B761D79F48100F1C4D2 /* UILabelExtensions.swift in Sources */,
				7F8F98161D61036F0061E220 /* MessagesViewController.swift in Sources */,
				7FEAA42F1D8356C100E4839C /* WatsonOverlay.swift in Sources */,
				7F6FAE9C1D6B5E5800BE7829 /* RecommendedRestaurantDetailView.swift in Sources */,
				7F6FAE791D6A760A00BE7829 /* HorizontalOnePartStackView.swift in Sources */,
				CE60F2CB1D78BEC800F8DBF1 /* EntertainmentCollectionViewCell.swift in Sources */,
				CEA4552F1D80691800F531C0 /* PathIconBarButtonItem.swift in Sources */,
				7F9F77521D6652F200B9114B /* UIColorExtension.swift in Sources */,
				CEC1B4C11DABD473004F211A /* MessagesViewModel.swift in Sources */,
				CE5818811D6B7703006D3D43 /* RestaurantDetailViewController.swift in Sources */,
				7FA7F8901D60CEA70039792A /* AppDelegate.swift in Sources */,
				CED9E2A01D74BCF000AADF4D /* EndpointManager.swift in Sources */,
				CE58188B1D74828D006D3D43 /* EntertainmentOptionsViewController.swift in Sources */,
				7F9F774C1D664D4B00B9114B /* RecommendedRestaurantTableViewCell.swift in Sources */,
				CE1C1B711D79C6C300F1C4D2 /* ProfileBarButtonItem.swift in Sources */,
				7F9F77561D6655B100B9114B /* UIFontExtension.swift in Sources */,
				CE60F2C81D78AC5000F8DBF1 /* User.swift in Sources */,
				CE1456181DAE8CEB00A7E744 /* DecisionsView.swift in Sources */,
			);
			runOnlyForDeploymentPostprocessing = 0;
		};
/* End PBXSourcesBuildPhase section */

/* Begin PBXVariantGroup section */
		7FA7F8931D60CEA70039792A /* Main.storyboard */ = {
			isa = PBXVariantGroup;
			children = (
				7FA7F8941D60CEA70039792A /* Base */,
			);
			name = Main.storyboard;
			sourceTree = "<group>";
		};
		7FA7F8981D60CEA70039792A /* LaunchScreen.storyboard */ = {
			isa = PBXVariantGroup;
			children = (
				7FA7F8991D60CEA70039792A /* Base */,
			);
			name = LaunchScreen.storyboard;
			sourceTree = "<group>";
		};
/* End PBXVariantGroup section */

/* Begin XCBuildConfiguration section */
		7FA7F89C1D60CEA70039792A /* Debug */ = {
			isa = XCBuildConfiguration;
			buildSettings = {
				ALWAYS_SEARCH_USER_PATHS = NO;
				CLANG_ANALYZER_NONNULL = YES;
				CLANG_CXX_LANGUAGE_STANDARD = "gnu++0x";
				CLANG_CXX_LIBRARY = "libc++";
				CLANG_ENABLE_MODULES = YES;
				CLANG_ENABLE_OBJC_ARC = YES;
				CLANG_WARN_BLOCK_CAPTURE_AUTORELEASING = YES;
				CLANG_WARN_BOOL_CONVERSION = YES;
				CLANG_WARN_COMMA = YES;
				CLANG_WARN_CONSTANT_CONVERSION = YES;
				CLANG_WARN_DIRECT_OBJC_ISA_USAGE = YES_ERROR;
				CLANG_WARN_EMPTY_BODY = YES;
				CLANG_WARN_ENUM_CONVERSION = YES;
				CLANG_WARN_INFINITE_RECURSION = YES;
				CLANG_WARN_INT_CONVERSION = YES;
				CLANG_WARN_NON_LITERAL_NULL_CONVERSION = YES;
				CLANG_WARN_OBJC_LITERAL_CONVERSION = YES;
				CLANG_WARN_OBJC_ROOT_CLASS = YES_ERROR;
				CLANG_WARN_RANGE_LOOP_ANALYSIS = YES;
				CLANG_WARN_STRICT_PROTOTYPES = YES;
				CLANG_WARN_SUSPICIOUS_MOVE = YES;
				CLANG_WARN_UNREACHABLE_CODE = YES;
				CLANG_WARN__DUPLICATE_METHOD_MATCH = YES;
				"CODE_SIGN_IDENTITY[sdk=iphoneos*]" = "iPhone Developer";
				COPY_PHASE_STRIP = NO;
				DEBUG_INFORMATION_FORMAT = dwarf;
				ENABLE_STRICT_OBJC_MSGSEND = YES;
				ENABLE_TESTABILITY = YES;
				GCC_C_LANGUAGE_STANDARD = gnu99;
				GCC_DYNAMIC_NO_PIC = NO;
				GCC_NO_COMMON_BLOCKS = YES;
				GCC_OPTIMIZATION_LEVEL = 0;
				GCC_PREPROCESSOR_DEFINITIONS = (
					"DEBUG=1",
					"$(inherited)",
				);
				GCC_WARN_64_TO_32_BIT_CONVERSION = YES;
				GCC_WARN_ABOUT_RETURN_TYPE = YES_ERROR;
				GCC_WARN_UNDECLARED_SELECTOR = YES;
				GCC_WARN_UNINITIALIZED_AUTOS = YES_AGGRESSIVE;
				GCC_WARN_UNUSED_FUNCTION = YES;
				GCC_WARN_UNUSED_VARIABLE = YES;
				IPHONEOS_DEPLOYMENT_TARGET = 11.2;
				MTL_ENABLE_DEBUG_INFO = YES;
				ONLY_ACTIVE_ARCH = YES;
				SDKROOT = iphoneos;
				SWIFT_OPTIMIZATION_LEVEL = "-Onone";
				SWIFT_VERSION = 2.3;
				TARGETED_DEVICE_FAMILY = "1,2";
			};
			name = Debug;
		};
		7FA7F89D1D60CEA70039792A /* Release */ = {
			isa = XCBuildConfiguration;
			buildSettings = {
				ALWAYS_SEARCH_USER_PATHS = NO;
				CLANG_ANALYZER_NONNULL = YES;
				CLANG_CXX_LANGUAGE_STANDARD = "gnu++0x";
				CLANG_CXX_LIBRARY = "libc++";
				CLANG_ENABLE_MODULES = YES;
				CLANG_ENABLE_OBJC_ARC = YES;
				CLANG_WARN_BLOCK_CAPTURE_AUTORELEASING = YES;
				CLANG_WARN_BOOL_CONVERSION = YES;
				CLANG_WARN_COMMA = YES;
				CLANG_WARN_CONSTANT_CONVERSION = YES;
				CLANG_WARN_DIRECT_OBJC_ISA_USAGE = YES_ERROR;
				CLANG_WARN_EMPTY_BODY = YES;
				CLANG_WARN_ENUM_CONVERSION = YES;
				CLANG_WARN_INFINITE_RECURSION = YES;
				CLANG_WARN_INT_CONVERSION = YES;
				CLANG_WARN_NON_LITERAL_NULL_CONVERSION = YES;
				CLANG_WARN_OBJC_LITERAL_CONVERSION = YES;
				CLANG_WARN_OBJC_ROOT_CLASS = YES_ERROR;
				CLANG_WARN_RANGE_LOOP_ANALYSIS = YES;
				CLANG_WARN_STRICT_PROTOTYPES = YES;
				CLANG_WARN_SUSPICIOUS_MOVE = YES;
				CLANG_WARN_UNREACHABLE_CODE = YES;
				CLANG_WARN__DUPLICATE_METHOD_MATCH = YES;
				"CODE_SIGN_IDENTITY[sdk=iphoneos*]" = "iPhone Developer";
				COPY_PHASE_STRIP = NO;
				DEBUG_INFORMATION_FORMAT = "dwarf-with-dsym";
				ENABLE_NS_ASSERTIONS = NO;
				ENABLE_STRICT_OBJC_MSGSEND = YES;
				GCC_C_LANGUAGE_STANDARD = gnu99;
				GCC_NO_COMMON_BLOCKS = YES;
				GCC_WARN_64_TO_32_BIT_CONVERSION = YES;
				GCC_WARN_ABOUT_RETURN_TYPE = YES_ERROR;
				GCC_WARN_UNDECLARED_SELECTOR = YES;
				GCC_WARN_UNINITIALIZED_AUTOS = YES_AGGRESSIVE;
				GCC_WARN_UNUSED_FUNCTION = YES;
				GCC_WARN_UNUSED_VARIABLE = YES;
				IPHONEOS_DEPLOYMENT_TARGET = 11.2;
				MTL_ENABLE_DEBUG_INFO = NO;
				SDKROOT = iphoneos;
				SWIFT_OPTIMIZATION_LEVEL = "-Owholemodule";
				SWIFT_VERSION = 2.3;
				TARGETED_DEVICE_FAMILY = "1,2";
				VALIDATE_PRODUCT = YES;
			};
			name = Release;
		};
		7FA7F89F1D60CEA70039792A /* Debug */ = {
			isa = XCBuildConfiguration;
			baseConfigurationReference = 093B8C3845F89B67402347B1 /* Pods-CognitiveConcierge.debug.xcconfig */;
			buildSettings = {
				ALWAYS_EMBED_SWIFT_STANDARD_LIBRARIES = "$(inherited)";
				ASSETCATALOG_COMPILER_APPICON_NAME = AppIcon;
				CODE_SIGN_IDENTITY = "iPhone Developer";
				"CODE_SIGN_IDENTITY[sdk=iphoneos*]" = "iPhone Developer";
				DEVELOPMENT_TEAM = 8T393AQ955;
				FRAMEWORK_SEARCH_PATHS = (
					"$(inherited)",
					"$(PROJECT_DIR)/Carthage/Build/iOS",
					"$(PROJECT_DIR)/Pods/GooglePlaces/Frameworks/**",
				);
				INFOPLIST_FILE = CognitiveConcierge/Info.plist;
				IPHONEOS_DEPLOYMENT_TARGET = 11.2;
				LD_RUNPATH_SEARCH_PATHS = "$(inherited) @executable_path/Frameworks";
				PRODUCT_BUNDLE_IDENTIFIER = com.ibm.tt.CognitiveConcierge2;
				PRODUCT_NAME = "$(TARGET_NAME)";
				PROVISIONING_PROFILE = "";
				SWIFT_SWIFT3_OBJC_INFERENCE = Default;
				SWIFT_VERSION = 4.0;
				TARGETED_DEVICE_FAMILY = "1,2";
			};
			name = Debug;
		};
		7FA7F8A01D60CEA70039792A /* Release */ = {
			isa = XCBuildConfiguration;
			baseConfigurationReference = D208A19ADBFAA42F104EF383 /* Pods-CognitiveConcierge.release.xcconfig */;
			buildSettings = {
				ALWAYS_EMBED_SWIFT_STANDARD_LIBRARIES = "$(inherited)";
				ASSETCATALOG_COMPILER_APPICON_NAME = AppIcon;
				CODE_SIGN_IDENTITY = "iPhone Developer";
				"CODE_SIGN_IDENTITY[sdk=iphoneos*]" = "iPhone Developer";
				DEVELOPMENT_TEAM = 8T393AQ955;
				FRAMEWORK_SEARCH_PATHS = (
					"$(inherited)",
					"$(PROJECT_DIR)/Carthage/Build/iOS",
					"$(PROJECT_DIR)/Pods/GooglePlaces/Frameworks",
				);
				INFOPLIST_FILE = CognitiveConcierge/Info.plist;
				IPHONEOS_DEPLOYMENT_TARGET = 11.2;
				LD_RUNPATH_SEARCH_PATHS = "$(inherited) @executable_path/Frameworks";
				PRODUCT_BUNDLE_IDENTIFIER = com.ibm.tt.CognitiveConcierge2;
				PRODUCT_NAME = "$(TARGET_NAME)";
				PROVISIONING_PROFILE = "";
				SWIFT_SWIFT3_OBJC_INFERENCE = Default;
				SWIFT_VERSION = 4.0;
				TARGETED_DEVICE_FAMILY = "1,2";
			};
			name = Release;
		};
/* End XCBuildConfiguration section */

/* Begin XCConfigurationList section */
		7FA7F8871D60CEA70039792A /* Build configuration list for PBXProject "CognitiveConcierge" */ = {
			isa = XCConfigurationList;
			buildConfigurations = (
				7FA7F89C1D60CEA70039792A /* Debug */,
				7FA7F89D1D60CEA70039792A /* Release */,
			);
			defaultConfigurationIsVisible = 0;
			defaultConfigurationName = Release;
		};
		7FA7F89E1D60CEA70039792A /* Build configuration list for PBXNativeTarget "CognitiveConcierge" */ = {
			isa = XCConfigurationList;
			buildConfigurations = (
				7FA7F89F1D60CEA70039792A /* Debug */,
				7FA7F8A01D60CEA70039792A /* Release */,
			);
			defaultConfigurationIsVisible = 0;
			defaultConfigurationName = Release;
		};
/* End XCConfigurationList section */
	};
	rootObject = 7FA7F8841D60CEA70039792A /* Project object */;
}
